# This file is automatically @generated by Cargo.
# It is not intended for manual editing.
version = 3

[[package]]
name = "circular-queue"
version = "0.2.6"
source = "registry+https://github.com/rust-lang/crates.io-index"
checksum = "1d34327ead1c743a10db339de35fb58957564b99d248a67985c55638b22c59b5"
dependencies = [
 "version_check",
]

[[package]]
name = "day_6"
version = "0.1.0"
dependencies = [
 "circular-queue",
 "itertools",
 "read_char",
]

[[package]]
name = "either"
version = "1.8.0"
source = "registry+https://github.com/rust-lang/crates.io-index"
checksum = "90e5c1c8368803113bf0c9584fc495a58b86dc8a29edbf8fe877d21d9507e797"

[[package]]
name = "itertools"
version = "0.10.5"
source = "registry+https://github.com/rust-lang/crates.io-index"
checksum = "b0fd2260e829bddf4cb6ea802289de2f86d6a7a690192fbe91b3f46e0f2c8473"
dependencies = [
 "either",
]

[[package]]
name = "maybe-uninit"
version = "2.0.0"
source = "registry+https://github.com/rust-lang/crates.io-index"
checksum = "60302e4db3a61da70c0cb7991976248362f30319e88850c487b9b95bbf059e00"

[[package]]
name = "read_char"
version = "0.1.1"
source = "registry+https://github.com/rust-lang/crates.io-index"
checksum = "0f803565a87502a15ef665d375e341c657de382dbf11c0eddca6b15bb82329ab"
dependencies = [
 "smallvec",
]

[[package]]
name = "smallvec"
version = "0.6.14"
source = "registry+https://github.com/rust-lang/crates.io-index"
checksum = "b97fcaeba89edba30f044a10c6a3cc39df9c3f17d7cd829dd1446cab35f890e0"
dependencies = [
 "maybe-uninit",
]

[[package]]
name = "version_check"
version = "0.9.4"
source = "registry+https://github.com/rust-lang/crates.io-index"
checksum = "49874b5167b65d7193b8aba1567f5c7d93d001cafc34600cee003eda787e483f"
